
Microsoft Visual Studio Solution File, Format Version 12.00
# Visual Studio 15
VisualStudioVersion = 15.0.28307.1169
MinimumVisualStudioVersion = 10.0.40219.1
Project("{FAE04EC0-301F-11D3-BF4B-00C04F79EFBC}") = "SysControlWebMG", "SysControlWebMG\SysControlWebMG.csproj", "{2C4E9ABA-1D82-4732-8903-F0D5E672E735}"
EndProject
Project("{FAE04EC0-301F-11D3-BF4B-00C04F79EFBC}") = "Datos", "Datos\Datos.csproj", "{CCB4F11A-5A66-491D-B137-5A791986EB6B}"
EndProject
Project("{FAE04EC0-301F-11D3-BF4B-00C04F79EFBC}") = "Entidades", "Entidades\Entidades.csproj", "{1C2D06CD-A1A6-4AC0-8635-A4561EFF89F1}"
EndProject
Project("{FAE04EC0-301F-11D3-BF4B-00C04F79EFBC}") = "Negocio", "Negocio\Negocio.csproj", "{C9530A75-C22F-4B3D-8253-2BC8C7FC7DFE}"
EndProject
Global
	GlobalSection(SolutionConfigurationPlatforms) = preSolution
		Debug|Any CPU = Debug|Any CPU
		Release|Any CPU = Release|Any CPU
	EndGlobalSection
	GlobalSection(ProjectConfigurationPlatforms) = postSolution
		{2C4E9ABA-1D82-4732-8903-F0D5E672E735}.Debug|Any CPU.ActiveCfg = Debug|Any CPU
		{2C4E9ABA-1D82-4732-8903-F0D5E672E735}.Debug|Any CPU.Build.0 = Debug|Any CPU
		{2C4E9ABA-1D82-4732-8903-F0D5E672E735}.Release|Any CPU.ActiveCfg = Release|Any CPU
		{2C4E9ABA-1D82-4732-8903-F0D5E672E735}.Release|Any CPU.Build.0 = Release|Any CPU
		{CCB4F11A-5A66-491D-B137-5A791986EB6B}.Debug|Any CPU.ActiveCfg = Debug|Any CPU
		{CCB4F11A-5A66-491D-B137-5A791986EB6B}.Debug|Any CPU.Build.0 = Debug|Any CPU
		{CCB4F11A-5A66-491D-B137-5A791986EB6B}.Release|Any CPU.ActiveCfg = Release|Any CPU
		{CCB4F11A-5A66-491D-B137-5A791986EB6B}.Release|Any CPU.Build.0 = Release|Any CPU
		{1C2D06CD-A1A6-4AC0-8635-A4561EFF89F1}.Debug|Any CPU.ActiveCfg = Debug|Any CPU
		{1C2D06CD-A1A6-4AC0-8635-A4561EFF89F1}.Debug|Any CPU.Build.0 = Debug|Any CPU
		{1C2D06CD-A1A6-4AC0-8635-A4561EFF89F1}.Release|Any CPU.ActiveCfg = Release|Any CPU
		{1C2D06CD-A1A6-4AC0-8635-A4561EFF89F1}.Release|Any CPU.Build.0 = Release|Any CPU
		{C9530A75-C22F-4B3D-8253-2BC8C7FC7DFE}.Debug|Any CPU.ActiveCfg = Debug|Any CPU
		{C9530A75-C22F-4B3D-8253-2BC8C7FC7DFE}.Debug|Any CPU.Build.0 = Debug|Any CPU
		{C9530A75-C22F-4B3D-8253-2BC8C7FC7DFE}.Release|Any CPU.ActiveCfg = Release|Any CPU
		{C9530A75-C22F-4B3D-8253-2BC8C7FC7DFE}.Release|Any CPU.Build.0 = Release|Any CPU
	EndGlobalSection
	GlobalSection(SolutionProperties) = preSolution
		HideSolutionNode = FALSE
	EndGlobalSection
	GlobalSection(ExtensibilityGlobals) = postSolution
		SolutionGuid = {3332BA90-C54C-45F0-BB6C-6C8506A560A4}
	EndGlobalSection
EndGlobal
